PODS:
  - CocoaAsyncSocket (7.6.3)
  - Flutter (1.0.0)
  - flutter_video_player (0.0.1):
    - Flutter
    - KTVHTTPCache
    - ZFPlayer
    - ZFPlayer/AVPlayer
    - ZFPlayer/ControlView
  - KTVCocoaHTTPServer (1.0.0):
    - CocoaAsyncSocket
  - KTVHTTPCache (2.0.0):
    - KTVCocoaHTTPServer
  - ZFPlayer (3.2.11):
    - ZFPlayer/Core (= 3.2.11)
  - ZFPlayer/AVPlayer (3.2.11):
    - ZFPlayer/Core
  - ZFPlayer/ControlView (3.2.11):
    - ZFPlayer/Core
  - ZFPlayer/Core (3.2.11)

DEPENDENCIES:
  - Flutter (from `.symlinks/flutter/ios`)
  - flutter_video_player (from `.symlinks/plugins/flutter_video_player/ios`)

SPEC REPOS:
  https://github.com/CocoaPods/Specs.git:
    - CocoaAsyncSocket
    - KTVCocoaHTTPServer
    - KTVHTTPCache
    - ZFPlayer

EXTERNAL SOURCES:
  Flutter:
    :path: ".symlinks/flutter/ios"
  flutter_video_player:
    :path: ".symlinks/plugins/flutter_video_player/ios"

SPEC CHECKSUMS:
  CocoaAsyncSocket: eafaa68a7e0ec99ead0a7b35015e0bf25d2c8987
  Flutter: 0e3d915762c693b495b44d77113d4970485de6ec
  flutter_video_player: c600a1a77390c1b3b80f7484f167097a45481bdd
  KTVCocoaHTTPServer: df8d7b861e603ff8037e9b2138aca2563a6b768d
  KTVHTTPCache: d794fc52c7df58ec7991e0ac4dfe1c938c99bfd8
  ZFPlayer: 4260b232df83cc7d571ffaa81e9317b3a74eb57c

PODFILE CHECKSUM: e8988baac3a50f787b9d3ed7ca44957b442f92a7

COCOAPODS: 1.8.4
